// !$*UTF8*$!
{
	archiveVersion = 1;
	classes = {
	};
	objectVersion = 56;
	objects = {

/* Begin PBXBuildFile section */
		403903AC2A0D3C5500C7D077 /* Font+Custom.swift in Sources */ = {isa = PBXBuildFile; fileRef = 403903AB2A0D3C5500C7D077 /* Font+Custom.swift */; };
		403903AE2A0D3C6400C7D077 /* UIColor+hex.swift in Sources */ = {isa = PBXBuildFile; fileRef = 403903AD2A0D3C6300C7D077 /* UIColor+hex.swift */; };
		403903B02A0D3C6C00C7D077 /* UIColor+DayRoom.swift in Sources */ = {isa = PBXBuildFile; fileRef = 403903AF2A0D3C6C00C7D077 /* UIColor+DayRoom.swift */; };
		403903B42A0D490100C7D077 /* Preferences.swift in Sources */ = {isa = PBXBuildFile; fileRef = 403903B32A0D490100C7D077 /* Preferences.swift */; };
		403903B92A0D4BCF00C7D077 /* Nickname.swift in Sources */ = {isa = PBXBuildFile; fileRef = 403903B82A0D4BCF00C7D077 /* Nickname.swift */; };
		403903BB2A0D4BDC00C7D077 /* NicknameView.swift in Sources */ = {isa = PBXBuildFile; fileRef = 403903BA2A0D4BDC00C7D077 /* NicknameView.swift */; };
		403903BD2A0D4BE800C7D077 /* Feed.swift in Sources */ = {isa = PBXBuildFile; fileRef = 403903BC2A0D4BE800C7D077 /* Feed.swift */; };
		403903BF2A0D4BFD00C7D077 /* FeedView.swift in Sources */ = {isa = PBXBuildFile; fileRef = 403903BE2A0D4BFD00C7D077 /* FeedView.swift */; };
		403903C12A0D4C0300C7D077 /* Password.swift in Sources */ = {isa = PBXBuildFile; fileRef = 403903C02A0D4C0300C7D077 /* Password.swift */; };
		403903C32A0D4C0A00C7D077 /* PasswordView.swift in Sources */ = {isa = PBXBuildFile; fileRef = 403903C22A0D4C0A00C7D077 /* PasswordView.swift */; };
		403903C82A0D50ED00C7D077 /* RecordGoal.swift in Sources */ = {isa = PBXBuildFile; fileRef = 403903C72A0D50ED00C7D077 /* RecordGoal.swift */; };
		403903CA2A0D50F300C7D077 /* RecordGoalView.swift in Sources */ = {isa = PBXBuildFile; fileRef = 403903C92A0D50F300C7D077 /* RecordGoalView.swift */; };
		403903CF2A0D74F300C7D077 /* View+DebugFrameInfo.swift in Sources */ = {isa = PBXBuildFile; fileRef = 403903CE2A0D74F300C7D077 /* View+DebugFrameInfo.swift */; };
		403903D22A0D7FB500C7D077 /* Pretendard-Black.ttf in Resources */ = {isa = PBXBuildFile; fileRef = 403903A82A0D3BD000C7D077 /* Pretendard-Black.ttf */; };
		403903D32A0D7FB800C7D077 /* Pretendard-Bold.ttf in Resources */ = {isa = PBXBuildFile; fileRef = 403903A12A0D3BCE00C7D077 /* Pretendard-Bold.ttf */; };
		403903D42A0D7FBB00C7D077 /* Pretendard-ExtraBold.ttf in Resources */ = {isa = PBXBuildFile; fileRef = 403903A72A0D3BCF00C7D077 /* Pretendard-ExtraBold.ttf */; };
		403903D52A0D7FBF00C7D077 /* Pretendard-ExtraLight.ttf in Resources */ = {isa = PBXBuildFile; fileRef = 403903A22A0D3BCE00C7D077 /* Pretendard-ExtraLight.ttf */; };
		403903D62A0D7FC200C7D077 /* Pretendard-Light.ttf in Resources */ = {isa = PBXBuildFile; fileRef = 403903A92A0D3BD000C7D077 /* Pretendard-Light.ttf */; };
		403903D72A0D7FC500C7D077 /* Pretendard-Medium.ttf in Resources */ = {isa = PBXBuildFile; fileRef = 403903A52A0D3BCF00C7D077 /* Pretendard-Medium.ttf */; };
		403903D82A0D7FC900C7D077 /* Pretendard-Regular.ttf in Resources */ = {isa = PBXBuildFile; fileRef = 403903A62A0D3BCF00C7D077 /* Pretendard-Regular.ttf */; };
		403903D92A0D7FCC00C7D077 /* Pretendard-SemiBold.ttf in Resources */ = {isa = PBXBuildFile; fileRef = 403903A32A0D3BCF00C7D077 /* Pretendard-SemiBold.ttf */; };
		403903DA2A0D7FCF00C7D077 /* Pretendard-Thin.ttf in Resources */ = {isa = PBXBuildFile; fileRef = 403903A42A0D3BCF00C7D077 /* Pretendard-Thin.ttf */; };
		403903DB2A0D7FD200C7D077 /* EBGaramond-Bold.ttf in Resources */ = {isa = PBXBuildFile; fileRef = 4039039D2A0D3BB800C7D077 /* EBGaramond-Bold.ttf */; };
		403903DC2A0D7FD600C7D077 /* EBGaramond-BoldItalic.ttf in Resources */ = {isa = PBXBuildFile; fileRef = 403903982A0D3BB700C7D077 /* EBGaramond-BoldItalic.ttf */; };
		403903DD2A0D7FD900C7D077 /* EBGaramond-ExtraBold.ttf in Resources */ = {isa = PBXBuildFile; fileRef = 4039039B2A0D3BB800C7D077 /* EBGaramond-ExtraBold.ttf */; };
		403903DE2A0D7FDC00C7D077 /* EBGaramond-ExtraBoldItalic.ttf in Resources */ = {isa = PBXBuildFile; fileRef = 4039039F2A0D3BB800C7D077 /* EBGaramond-ExtraBoldItalic.ttf */; };
		403903DF2A0D7FDE00C7D077 /* EBGaramond-Italic.ttf in Resources */ = {isa = PBXBuildFile; fileRef = 4039039C2A0D3BB800C7D077 /* EBGaramond-Italic.ttf */; };
		403903E02A0D7FE200C7D077 /* EBGaramond-Medium.ttf in Resources */ = {isa = PBXBuildFile; fileRef = 403903A02A0D3BB900C7D077 /* EBGaramond-Medium.ttf */; };
		403903E12A0D7FE600C7D077 /* EBGaramond-MediumItalic.ttf in Resources */ = {isa = PBXBuildFile; fileRef = 403903972A0D3BB700C7D077 /* EBGaramond-MediumItalic.ttf */; };
		403903E22A0D7FE900C7D077 /* EBGaramond-Regular.ttf in Resources */ = {isa = PBXBuildFile; fileRef = 403903992A0D3BB700C7D077 /* EBGaramond-Regular.ttf */; };
		403903E32A0D7FEC00C7D077 /* EBGaramond-SemiBold.ttf in Resources */ = {isa = PBXBuildFile; fileRef = 4039039A2A0D3BB700C7D077 /* EBGaramond-SemiBold.ttf */; };
		403903E42A0D7FF000C7D077 /* EBGaramond-SemiBoldItalic.ttf in Resources */ = {isa = PBXBuildFile; fileRef = 4039039E2A0D3BB800C7D077 /* EBGaramond-SemiBoldItalic.ttf */; };
		403903E62A0E017100C7D077 /* onFirstAppear.swift in Sources */ = {isa = PBXBuildFile; fileRef = 403903E52A0E017100C7D077 /* onFirstAppear.swift */; };
		40D7ED392A090F5500BFB428 /* DayRoomApp.swift in Sources */ = {isa = PBXBuildFile; fileRef = 40D7ED382A090F5500BFB428 /* DayRoomApp.swift */; };
		40D7ED3D2A090F5700BFB428 /* Assets.xcassets in Resources */ = {isa = PBXBuildFile; fileRef = 40D7ED3C2A090F5700BFB428 /* Assets.xcassets */; };
		40D7ED402A090F5700BFB428 /* Preview Assets.xcassets in Resources */ = {isa = PBXBuildFile; fileRef = 40D7ED3F2A090F5700BFB428 /* Preview Assets.xcassets */; };
		40D7ED452A090F5700BFB428 /* DayRoom.xcdatamodeld in Sources */ = {isa = PBXBuildFile; fileRef = 40D7ED432A090F5700BFB428 /* DayRoom.xcdatamodeld */; };
		40D7ED4F2A090F5700BFB428 /* DayRoomTests.swift in Sources */ = {isa = PBXBuildFile; fileRef = 40D7ED4E2A090F5700BFB428 /* DayRoomTests.swift */; };
		40D7ED592A090F5700BFB428 /* DayRoomUITests.swift in Sources */ = {isa = PBXBuildFile; fileRef = 40D7ED582A090F5700BFB428 /* DayRoomUITests.swift */; };
		40D7ED5B2A090F5700BFB428 /* DayRoomUITestsLaunchTests.swift in Sources */ = {isa = PBXBuildFile; fileRef = 40D7ED5A2A090F5700BFB428 /* DayRoomUITestsLaunchTests.swift */; };
		40D7ED6E2A090FA100BFB428 /* RootView.swift in Sources */ = {isa = PBXBuildFile; fileRef = 40D7ED6D2A090FA100BFB428 /* RootView.swift */; };
		40D7ED702A090FAA00BFB428 /* Root.swift in Sources */ = {isa = PBXBuildFile; fileRef = 40D7ED6F2A090FAA00BFB428 /* Root.swift */; };
		40D7ED722A090FB100BFB428 /* SettingView.swift in Sources */ = {isa = PBXBuildFile; fileRef = 40D7ED712A090FB100BFB428 /* SettingView.swift */; };
		40D7ED752A09101200BFB428 /* ComposableArchitecture in Frameworks */ = {isa = PBXBuildFile; productRef = 40D7ED742A09101200BFB428 /* ComposableArchitecture */; };
		40D7ED792A09103B00BFB428 /* Persistence.swift in Sources */ = {isa = PBXBuildFile; fileRef = 40D7ED782A09103B00BFB428 /* Persistence.swift */; };
		40D7ED7B2A0913FD00BFB428 /* DayRoomDiary.swift in Sources */ = {isa = PBXBuildFile; fileRef = 40D7ED7A2A0913FD00BFB428 /* DayRoomDiary.swift */; };
/* End PBXBuildFile section */

/* Begin PBXContainerItemProxy section */
		40D7ED4B2A090F5700BFB428 /* PBXContainerItemProxy */ = {
			isa = PBXContainerItemProxy;
			containerPortal = 40D7ED2D2A090F5500BFB428 /* Project object */;
			proxyType = 1;
			remoteGlobalIDString = 40D7ED342A090F5500BFB428;
			remoteInfo = DayRoom;
		};
		40D7ED552A090F5700BFB428 /* PBXContainerItemProxy */ = {
			isa = PBXContainerItemProxy;
			containerPortal = 40D7ED2D2A090F5500BFB428 /* Project object */;
			proxyType = 1;
			remoteGlobalIDString = 40D7ED342A090F5500BFB428;
			remoteInfo = DayRoom;
		};
/* End PBXContainerItemProxy section */

/* Begin PBXFileReference section */
		403903972A0D3BB700C7D077 /* EBGaramond-MediumItalic.ttf */ = {isa = PBXFileReference; lastKnownFileType = file; path = "EBGaramond-MediumItalic.ttf"; sourceTree = "<group>"; };
		403903982A0D3BB700C7D077 /* EBGaramond-BoldItalic.ttf */ = {isa = PBXFileReference; lastKnownFileType = file; path = "EBGaramond-BoldItalic.ttf"; sourceTree = "<group>"; };
		403903992A0D3BB700C7D077 /* EBGaramond-Regular.ttf */ = {isa = PBXFileReference; lastKnownFileType = file; path = "EBGaramond-Regular.ttf"; sourceTree = "<group>"; };
		4039039A2A0D3BB700C7D077 /* EBGaramond-SemiBold.ttf */ = {isa = PBXFileReference; lastKnownFileType = file; path = "EBGaramond-SemiBold.ttf"; sourceTree = "<group>"; };
		4039039B2A0D3BB800C7D077 /* EBGaramond-ExtraBold.ttf */ = {isa = PBXFileReference; lastKnownFileType = file; path = "EBGaramond-ExtraBold.ttf"; sourceTree = "<group>"; };
		4039039C2A0D3BB800C7D077 /* EBGaramond-Italic.ttf */ = {isa = PBXFileReference; lastKnownFileType = file; path = "EBGaramond-Italic.ttf"; sourceTree = "<group>"; };
		4039039D2A0D3BB800C7D077 /* EBGaramond-Bold.ttf */ = {isa = PBXFileReference; lastKnownFileType = file; path = "EBGaramond-Bold.ttf"; sourceTree = "<group>"; };
		4039039E2A0D3BB800C7D077 /* EBGaramond-SemiBoldItalic.ttf */ = {isa = PBXFileReference; lastKnownFileType = file; path = "EBGaramond-SemiBoldItalic.ttf"; sourceTree = "<group>"; };
		4039039F2A0D3BB800C7D077 /* EBGaramond-ExtraBoldItalic.ttf */ = {isa = PBXFileReference; lastKnownFileType = file; path = "EBGaramond-ExtraBoldItalic.ttf"; sourceTree = "<group>"; };
		403903A02A0D3BB900C7D077 /* EBGaramond-Medium.ttf */ = {isa = PBXFileReference; lastKnownFileType = file; path = "EBGaramond-Medium.ttf"; sourceTree = "<group>"; };
		403903A12A0D3BCE00C7D077 /* Pretendard-Bold.ttf */ = {isa = PBXFileReference; lastKnownFileType = file; path = "Pretendard-Bold.ttf"; sourceTree = "<group>"; };
		403903A22A0D3BCE00C7D077 /* Pretendard-ExtraLight.ttf */ = {isa = PBXFileReference; lastKnownFileType = file; path = "Pretendard-ExtraLight.ttf"; sourceTree = "<group>"; };
		403903A32A0D3BCF00C7D077 /* Pretendard-SemiBold.ttf */ = {isa = PBXFileReference; lastKnownFileType = file; path = "Pretendard-SemiBold.ttf"; sourceTree = "<group>"; };
		403903A42A0D3BCF00C7D077 /* Pretendard-Thin.ttf */ = {isa = PBXFileReference; lastKnownFileType = file; path = "Pretendard-Thin.ttf"; sourceTree = "<group>"; };
		403903A52A0D3BCF00C7D077 /* Pretendard-Medium.ttf */ = {isa = PBXFileReference; lastKnownFileType = file; path = "Pretendard-Medium.ttf"; sourceTree = "<group>"; };
		403903A62A0D3BCF00C7D077 /* Pretendard-Regular.ttf */ = {isa = PBXFileReference; lastKnownFileType = file; path = "Pretendard-Regular.ttf"; sourceTree = "<group>"; };
		403903A72A0D3BCF00C7D077 /* Pretendard-ExtraBold.ttf */ = {isa = PBXFileReference; lastKnownFileType = file; path = "Pretendard-ExtraBold.ttf"; sourceTree = "<group>"; };
		403903A82A0D3BD000C7D077 /* Pretendard-Black.ttf */ = {isa = PBXFileReference; lastKnownFileType = file; path = "Pretendard-Black.ttf"; sourceTree = "<group>"; };
		403903A92A0D3BD000C7D077 /* Pretendard-Light.ttf */ = {isa = PBXFileReference; lastKnownFileType = file; path = "Pretendard-Light.ttf"; sourceTree = "<group>"; };
		403903AB2A0D3C5500C7D077 /* Font+Custom.swift */ = {isa = PBXFileReference; lastKnownFileType = sourcecode.swift; path = "Font+Custom.swift"; sourceTree = "<group>"; };
		403903AD2A0D3C6300C7D077 /* UIColor+hex.swift */ = {isa = PBXFileReference; lastKnownFileType = sourcecode.swift; path = "UIColor+hex.swift"; sourceTree = "<group>"; };
		403903AF2A0D3C6C00C7D077 /* UIColor+DayRoom.swift */ = {isa = PBXFileReference; lastKnownFileType = sourcecode.swift; path = "UIColor+DayRoom.swift"; sourceTree = "<group>"; };
		403903B32A0D490100C7D077 /* Preferences.swift */ = {isa = PBXFileReference; lastKnownFileType = sourcecode.swift; path = Preferences.swift; sourceTree = "<group>"; };
		403903B82A0D4BCF00C7D077 /* Nickname.swift */ = {isa = PBXFileReference; lastKnownFileType = sourcecode.swift; path = Nickname.swift; sourceTree = "<group>"; };
		403903BA2A0D4BDC00C7D077 /* NicknameView.swift */ = {isa = PBXFileReference; lastKnownFileType = sourcecode.swift; path = NicknameView.swift; sourceTree = "<group>"; };
		403903BC2A0D4BE800C7D077 /* Feed.swift */ = {isa = PBXFileReference; lastKnownFileType = sourcecode.swift; path = Feed.swift; sourceTree = "<group>"; };
		403903BE2A0D4BFD00C7D077 /* FeedView.swift */ = {isa = PBXFileReference; lastKnownFileType = sourcecode.swift; path = FeedView.swift; sourceTree = "<group>"; };
		403903C02A0D4C0300C7D077 /* Password.swift */ = {isa = PBXFileReference; lastKnownFileType = sourcecode.swift; path = Password.swift; sourceTree = "<group>"; };
		403903C22A0D4C0A00C7D077 /* PasswordView.swift */ = {isa = PBXFileReference; lastKnownFileType = sourcecode.swift; path = PasswordView.swift; sourceTree = "<group>"; };
		403903C72A0D50ED00C7D077 /* RecordGoal.swift */ = {isa = PBXFileReference; lastKnownFileType = sourcecode.swift; path = RecordGoal.swift; sourceTree = "<group>"; };
		403903C92A0D50F300C7D077 /* RecordGoalView.swift */ = {isa = PBXFileReference; lastKnownFileType = sourcecode.swift; path = RecordGoalView.swift; sourceTree = "<group>"; };
		403903CB2A0D6EAC00C7D077 /* Info.plist */ = {isa = PBXFileReference; lastKnownFileType = text.plist; path = Info.plist; sourceTree = "<group>"; };
		403903CE2A0D74F300C7D077 /* View+DebugFrameInfo.swift */ = {isa = PBXFileReference; lastKnownFileType = sourcecode.swift; path = "View+DebugFrameInfo.swift"; sourceTree = "<group>"; };
		403903E52A0E017100C7D077 /* onFirstAppear.swift */ = {isa = PBXFileReference; lastKnownFileType = sourcecode.swift; path = onFirstAppear.swift; sourceTree = "<group>"; };
		40D7ED352A090F5500BFB428 /* DayRoom.app */ = {isa = PBXFileReference; explicitFileType = wrapper.application; includeInIndex = 0; path = DayRoom.app; sourceTree = BUILT_PRODUCTS_DIR; };
		40D7ED382A090F5500BFB428 /* DayRoomApp.swift */ = {isa = PBXFileReference; lastKnownFileType = sourcecode.swift; path = DayRoomApp.swift; sourceTree = "<group>"; };
		40D7ED3C2A090F5700BFB428 /* Assets.xcassets */ = {isa = PBXFileReference; lastKnownFileType = folder.assetcatalog; path = Assets.xcassets; sourceTree = "<group>"; };
		40D7ED3F2A090F5700BFB428 /* Preview Assets.xcassets */ = {isa = PBXFileReference; lastKnownFileType = folder.assetcatalog; path = "Preview Assets.xcassets"; sourceTree = "<group>"; };
		40D7ED442A090F5700BFB428 /* DayRoom.xcdatamodel */ = {isa = PBXFileReference; lastKnownFileType = wrapper.xcdatamodel; path = DayRoom.xcdatamodel; sourceTree = "<group>"; };
		40D7ED4A2A090F5700BFB428 /* DayRoomTests.xctest */ = {isa = PBXFileReference; explicitFileType = wrapper.cfbundle; includeInIndex = 0; path = DayRoomTests.xctest; sourceTree = BUILT_PRODUCTS_DIR; };
		40D7ED4E2A090F5700BFB428 /* DayRoomTests.swift */ = {isa = PBXFileReference; lastKnownFileType = sourcecode.swift; path = DayRoomTests.swift; sourceTree = "<group>"; };
		40D7ED542A090F5700BFB428 /* DayRoomUITests.xctest */ = {isa = PBXFileReference; explicitFileType = wrapper.cfbundle; includeInIndex = 0; path = DayRoomUITests.xctest; sourceTree = BUILT_PRODUCTS_DIR; };
		40D7ED582A090F5700BFB428 /* DayRoomUITests.swift */ = {isa = PBXFileReference; lastKnownFileType = sourcecode.swift; path = DayRoomUITests.swift; sourceTree = "<group>"; };
		40D7ED5A2A090F5700BFB428 /* DayRoomUITestsLaunchTests.swift */ = {isa = PBXFileReference; lastKnownFileType = sourcecode.swift; path = DayRoomUITestsLaunchTests.swift; sourceTree = "<group>"; };
		40D7ED6D2A090FA100BFB428 /* RootView.swift */ = {isa = PBXFileReference; lastKnownFileType = sourcecode.swift; path = RootView.swift; sourceTree = "<group>"; };
		40D7ED6F2A090FAA00BFB428 /* Root.swift */ = {isa = PBXFileReference; lastKnownFileType = sourcecode.swift; path = Root.swift; sourceTree = "<group>"; };
		40D7ED712A090FB100BFB428 /* SettingView.swift */ = {isa = PBXFileReference; lastKnownFileType = sourcecode.swift; path = SettingView.swift; sourceTree = "<group>"; };
		40D7ED782A09103B00BFB428 /* Persistence.swift */ = {isa = PBXFileReference; lastKnownFileType = sourcecode.swift; path = Persistence.swift; sourceTree = "<group>"; };
		40D7ED7A2A0913FD00BFB428 /* DayRoomDiary.swift */ = {isa = PBXFileReference; lastKnownFileType = sourcecode.swift; path = DayRoomDiary.swift; sourceTree = "<group>"; };
/* End PBXFileReference section */

/* Begin PBXFrameworksBuildPhase section */
		40D7ED322A090F5500BFB428 /* Frameworks */ = {
			isa = PBXFrameworksBuildPhase;
			buildActionMask = 2147483647;
			files = (
				40D7ED752A09101200BFB428 /* ComposableArchitecture in Frameworks */,
			);
			runOnlyForDeploymentPostprocessing = 0;
		};
		40D7ED472A090F5700BFB428 /* Frameworks */ = {
			isa = PBXFrameworksBuildPhase;
			buildActionMask = 2147483647;
			files = (
			);
			runOnlyForDeploymentPostprocessing = 0;
		};
		40D7ED512A090F5700BFB428 /* Frameworks */ = {
			isa = PBXFrameworksBuildPhase;
			buildActionMask = 2147483647;
			files = (
			);
			runOnlyForDeploymentPostprocessing = 0;
		};
/* End PBXFrameworksBuildPhase section */

/* Begin PBXGroup section */
		403903942A0D3B1E00C7D077 /* Font */ = {
			isa = PBXGroup;
			children = (
				403903962A0D3B4400C7D077 /* Pretendard */,
				403903952A0D3B2700C7D077 /* Garamond */,
			);
			path = Font;
			sourceTree = "<group>";
		};
		403903952A0D3B2700C7D077 /* Garamond */ = {
			isa = PBXGroup;
			children = (
				4039039D2A0D3BB800C7D077 /* EBGaramond-Bold.ttf */,
				403903982A0D3BB700C7D077 /* EBGaramond-BoldItalic.ttf */,
				4039039B2A0D3BB800C7D077 /* EBGaramond-ExtraBold.ttf */,
				4039039F2A0D3BB800C7D077 /* EBGaramond-ExtraBoldItalic.ttf */,
				4039039C2A0D3BB800C7D077 /* EBGaramond-Italic.ttf */,
				403903A02A0D3BB900C7D077 /* EBGaramond-Medium.ttf */,
				403903972A0D3BB700C7D077 /* EBGaramond-MediumItalic.ttf */,
				403903992A0D3BB700C7D077 /* EBGaramond-Regular.ttf */,
				4039039A2A0D3BB700C7D077 /* EBGaramond-SemiBold.ttf */,
				4039039E2A0D3BB800C7D077 /* EBGaramond-SemiBoldItalic.ttf */,
			);
			path = Garamond;
			sourceTree = "<group>";
		};
		403903962A0D3B4400C7D077 /* Pretendard */ = {
			isa = PBXGroup;
			children = (
				403903A82A0D3BD000C7D077 /* Pretendard-Black.ttf */,
				403903A12A0D3BCE00C7D077 /* Pretendard-Bold.ttf */,
				403903A72A0D3BCF00C7D077 /* Pretendard-ExtraBold.ttf */,
				403903A22A0D3BCE00C7D077 /* Pretendard-ExtraLight.ttf */,
				403903A92A0D3BD000C7D077 /* Pretendard-Light.ttf */,
				403903A52A0D3BCF00C7D077 /* Pretendard-Medium.ttf */,
				403903A62A0D3BCF00C7D077 /* Pretendard-Regular.ttf */,
				403903A32A0D3BCF00C7D077 /* Pretendard-SemiBold.ttf */,
				403903A42A0D3BCF00C7D077 /* Pretendard-Thin.ttf */,
			);
			path = Pretendard;
			sourceTree = "<group>";
		};
		403903AA2A0D3C3700C7D077 /* UI */ = {
			isa = PBXGroup;
			children = (
				403903AB2A0D3C5500C7D077 /* Font+Custom.swift */,
				403903AD2A0D3C6300C7D077 /* UIColor+hex.swift */,
				403903AF2A0D3C6C00C7D077 /* UIColor+DayRoom.swift */,
			);
			path = UI;
			sourceTree = "<group>";
		};
		403903B52A0D4BAC00C7D077 /* Password */ = {
			isa = PBXGroup;
			children = (
				403903C02A0D4C0300C7D077 /* Password.swift */,
				403903C22A0D4C0A00C7D077 /* PasswordView.swift */,
			);
			path = Password;
			sourceTree = "<group>";
		};
		403903B62A0D4BB000C7D077 /* Feed */ = {
			isa = PBXGroup;
			children = (
				403903BC2A0D4BE800C7D077 /* Feed.swift */,
				403903BE2A0D4BFD00C7D077 /* FeedView.swift */,
			);
			path = Feed;
			sourceTree = "<group>";
		};
		403903B72A0D4BB300C7D077 /* Onboarding */ = {
			isa = PBXGroup;
			children = (
				403903C42A0D50C200C7D077 /* Nickname */,
				403903C52A0D50CA00C7D077 /* RecordGoal */,
				403903C62A0D50DC00C7D077 /* Greetings */,
			);
			path = Onboarding;
			sourceTree = "<group>";
		};
		403903C42A0D50C200C7D077 /* Nickname */ = {
			isa = PBXGroup;
			children = (
				403903B82A0D4BCF00C7D077 /* Nickname.swift */,
				403903BA2A0D4BDC00C7D077 /* NicknameView.swift */,
			);
			path = Nickname;
			sourceTree = "<group>";
		};
		403903C52A0D50CA00C7D077 /* RecordGoal */ = {
			isa = PBXGroup;
			children = (
				403903C72A0D50ED00C7D077 /* RecordGoal.swift */,
				403903C92A0D50F300C7D077 /* RecordGoalView.swift */,
			);
			path = RecordGoal;
			sourceTree = "<group>";
		};
		403903C62A0D50DC00C7D077 /* Greetings */ = {
			isa = PBXGroup;
			children = (
			);
			path = Greetings;
			sourceTree = "<group>";
		};
		403903CC2A0D74DF00C7D077 /* Extensions */ = {
			isa = PBXGroup;
			children = (
				403903CD2A0D74E500C7D077 /* SwiftUI */,
			);
			path = Extensions;
			sourceTree = "<group>";
		};
		403903CD2A0D74E500C7D077 /* SwiftUI */ = {
			isa = PBXGroup;
			children = (
				403903CE2A0D74F300C7D077 /* View+DebugFrameInfo.swift */,
				403903E52A0E017100C7D077 /* onFirstAppear.swift */,
			);
			path = SwiftUI;
			sourceTree = "<group>";
		};
		40D7ED2C2A090F5500BFB428 = {
			isa = PBXGroup;
			children = (
				40D7ED372A090F5500BFB428 /* DayRoom */,
				40D7ED4D2A090F5700BFB428 /* DayRoomTests */,
				40D7ED572A090F5700BFB428 /* DayRoomUITests */,
				40D7ED362A090F5500BFB428 /* Products */,
			);
			sourceTree = "<group>";
		};
		40D7ED362A090F5500BFB428 /* Products */ = {
			isa = PBXGroup;
			children = (
				40D7ED352A090F5500BFB428 /* DayRoom.app */,
				40D7ED4A2A090F5700BFB428 /* DayRoomTests.xctest */,
				40D7ED542A090F5700BFB428 /* DayRoomUITests.xctest */,
			);
			name = Products;
			sourceTree = "<group>";
		};
		40D7ED372A090F5500BFB428 /* DayRoom */ = {
			isa = PBXGroup;
			children = (
				403903CB2A0D6EAC00C7D077 /* Info.plist */,
				40D7ED672A090F7000BFB428 /* Sources */,
				40D7ED682A090F7300BFB428 /* Resources */,
			);
			path = DayRoom;
			sourceTree = "<group>";
		};
		40D7ED3E2A090F5700BFB428 /* Preview Content */ = {
			isa = PBXGroup;
			children = (
				40D7ED3F2A090F5700BFB428 /* Preview Assets.xcassets */,
			);
			path = "Preview Content";
			sourceTree = "<group>";
		};
		40D7ED4D2A090F5700BFB428 /* DayRoomTests */ = {
			isa = PBXGroup;
			children = (
				40D7ED4E2A090F5700BFB428 /* DayRoomTests.swift */,
			);
			path = DayRoomTests;
			sourceTree = "<group>";
		};
		40D7ED572A090F5700BFB428 /* DayRoomUITests */ = {
			isa = PBXGroup;
			children = (
				40D7ED582A090F5700BFB428 /* DayRoomUITests.swift */,
				40D7ED5A2A090F5700BFB428 /* DayRoomUITestsLaunchTests.swift */,
			);
			path = DayRoomUITests;
			sourceTree = "<group>";
		};
		40D7ED672A090F7000BFB428 /* Sources */ = {
			isa = PBXGroup;
			children = (
				40D7ED762A09102000BFB428 /* Features */,
				40D7ED772A09102C00BFB428 /* Core */,
				403903AA2A0D3C3700C7D077 /* UI */,
			);
			path = Sources;
			sourceTree = "<group>";
		};
		40D7ED682A090F7300BFB428 /* Resources */ = {
			isa = PBXGroup;
			children = (
				403903942A0D3B1E00C7D077 /* Font */,
				40D7ED3E2A090F5700BFB428 /* Preview Content */,
				40D7ED3C2A090F5700BFB428 /* Assets.xcassets */,
				40D7ED432A090F5700BFB428 /* DayRoom.xcdatamodeld */,
			);
			path = Resources;
			sourceTree = "<group>";
		};
		40D7ED692A090F7A00BFB428 /* App */ = {
			isa = PBXGroup;
			children = (
				40D7ED382A090F5500BFB428 /* DayRoomApp.swift */,
			);
			path = App;
			sourceTree = "<group>";
		};
		40D7ED6A2A090F7C00BFB428 /* Root */ = {
			isa = PBXGroup;
			children = (
				40D7ED6F2A090FAA00BFB428 /* Root.swift */,
				40D7ED6D2A090FA100BFB428 /* RootView.swift */,
			);
			path = Root;
			sourceTree = "<group>";
		};
		40D7ED6B2A090F7F00BFB428 /* Setting */ = {
			isa = PBXGroup;
			children = (
				40D7ED712A090FB100BFB428 /* SettingView.swift */,
			);
			path = Setting;
			sourceTree = "<group>";
		};
		40D7ED762A09102000BFB428 /* Features */ = {
			isa = PBXGroup;
			children = (
				40D7ED692A090F7A00BFB428 /* App */,
				40D7ED6A2A090F7C00BFB428 /* Root */,
				403903B72A0D4BB300C7D077 /* Onboarding */,
				403903B62A0D4BB000C7D077 /* Feed */,
				403903B52A0D4BAC00C7D077 /* Password */,
				40D7ED6B2A090F7F00BFB428 /* Setting */,
			);
			path = Features;
			sourceTree = "<group>";
		};
		40D7ED772A09102C00BFB428 /* Core */ = {
			isa = PBXGroup;
			children = (
				403903CC2A0D74DF00C7D077 /* Extensions */,
				403903B32A0D490100C7D077 /* Preferences.swift */,
				40D7ED782A09103B00BFB428 /* Persistence.swift */,
				40D7ED7A2A0913FD00BFB428 /* DayRoomDiary.swift */,
			);
			path = Core;
			sourceTree = "<group>";
		};
/* End PBXGroup section */

/* Begin PBXNativeTarget section */
		40D7ED342A090F5500BFB428 /* DayRoom */ = {
			isa = PBXNativeTarget;
			buildConfigurationList = 40D7ED5E2A090F5700BFB428 /* Build configuration list for PBXNativeTarget "DayRoom" */;
			buildPhases = (
				40D7ED312A090F5500BFB428 /* Sources */,
				40D7ED322A090F5500BFB428 /* Frameworks */,
				40D7ED332A090F5500BFB428 /* Resources */,
			);
			buildRules = (
			);
			dependencies = (
			);
			name = DayRoom;
			packageProductDependencies = (
				40D7ED742A09101200BFB428 /* ComposableArchitecture */,
			);
			productName = DayRoom;
			productReference = 40D7ED352A090F5500BFB428 /* DayRoom.app */;
			productType = "com.apple.product-type.application";
		};
		40D7ED492A090F5700BFB428 /* DayRoomTests */ = {
			isa = PBXNativeTarget;
			buildConfigurationList = 40D7ED612A090F5700BFB428 /* Build configuration list for PBXNativeTarget "DayRoomTests" */;
			buildPhases = (
				40D7ED462A090F5700BFB428 /* Sources */,
				40D7ED472A090F5700BFB428 /* Frameworks */,
				40D7ED482A090F5700BFB428 /* Resources */,
			);
			buildRules = (
			);
			dependencies = (
				40D7ED4C2A090F5700BFB428 /* PBXTargetDependency */,
			);
			name = DayRoomTests;
			productName = DayRoomTests;
			productReference = 40D7ED4A2A090F5700BFB428 /* DayRoomTests.xctest */;
			productType = "com.apple.product-type.bundle.unit-test";
		};
		40D7ED532A090F5700BFB428 /* DayRoomUITests */ = {
			isa = PBXNativeTarget;
			buildConfigurationList = 40D7ED642A090F5700BFB428 /* Build configuration list for PBXNativeTarget "DayRoomUITests" */;
			buildPhases = (
				40D7ED502A090F5700BFB428 /* Sources */,
				40D7ED512A090F5700BFB428 /* Frameworks */,
				40D7ED522A090F5700BFB428 /* Resources */,
			);
			buildRules = (
			);
			dependencies = (
				40D7ED562A090F5700BFB428 /* PBXTargetDependency */,
			);
			name = DayRoomUITests;
			productName = DayRoomUITests;
			productReference = 40D7ED542A090F5700BFB428 /* DayRoomUITests.xctest */;
			productType = "com.apple.product-type.bundle.ui-testing";
		};
/* End PBXNativeTarget section */

/* Begin PBXProject section */
		40D7ED2D2A090F5500BFB428 /* Project object */ = {
			isa = PBXProject;
			attributes = {
				BuildIndependentTargetsInParallel = 1;
				LastSwiftUpdateCheck = 1430;
				LastUpgradeCheck = 1430;
				TargetAttributes = {
					40D7ED342A090F5500BFB428 = {
						CreatedOnToolsVersion = 14.3;
					};
					40D7ED492A090F5700BFB428 = {
						CreatedOnToolsVersion = 14.3;
						TestTargetID = 40D7ED342A090F5500BFB428;
					};
					40D7ED532A090F5700BFB428 = {
						CreatedOnToolsVersion = 14.3;
						TestTargetID = 40D7ED342A090F5500BFB428;
					};
				};
			};
			buildConfigurationList = 40D7ED302A090F5500BFB428 /* Build configuration list for PBXProject "DayRoom" */;
			compatibilityVersion = "Xcode 14.0";
			developmentRegion = en;
			hasScannedForEncodings = 0;
			knownRegions = (
				en,
				Base,
			);
			mainGroup = 40D7ED2C2A090F5500BFB428;
			packageReferences = (
				40D7ED732A09101200BFB428 /* XCRemoteSwiftPackageReference "swift-composable-architecture" */,
			);
			productRefGroup = 40D7ED362A090F5500BFB428 /* Products */;
			projectDirPath = "";
			projectRoot = "";
			targets = (
				40D7ED342A090F5500BFB428 /* DayRoom */,
				40D7ED492A090F5700BFB428 /* DayRoomTests */,
				40D7ED532A090F5700BFB428 /* DayRoomUITests */,
			);
		};
/* End PBXProject section */

/* Begin PBXResourcesBuildPhase section */
		40D7ED332A090F5500BFB428 /* Resources */ = {
			isa = PBXResourcesBuildPhase;
			buildActionMask = 2147483647;
			files = (
				403903DD2A0D7FD900C7D077 /* EBGaramond-ExtraBold.ttf in Resources */,
				403903D72A0D7FC500C7D077 /* Pretendard-Medium.ttf in Resources */,
				40D7ED402A090F5700BFB428 /* Preview Assets.xcassets in Resources */,
				403903D92A0D7FCC00C7D077 /* Pretendard-SemiBold.ttf in Resources */,
				403903DF2A0D7FDE00C7D077 /* EBGaramond-Italic.ttf in Resources */,
				40D7ED3D2A090F5700BFB428 /* Assets.xcassets in Resources */,
				403903D42A0D7FBB00C7D077 /* Pretendard-ExtraBold.ttf in Resources */,
				403903E32A0D7FEC00C7D077 /* EBGaramond-SemiBold.ttf in Resources */,
				403903DC2A0D7FD600C7D077 /* EBGaramond-BoldItalic.ttf in Resources */,
				403903E02A0D7FE200C7D077 /* EBGaramond-Medium.ttf in Resources */,
				403903D52A0D7FBF00C7D077 /* Pretendard-ExtraLight.ttf in Resources */,
				403903D82A0D7FC900C7D077 /* Pretendard-Regular.ttf in Resources */,
				403903D32A0D7FB800C7D077 /* Pretendard-Bold.ttf in Resources */,
				403903E42A0D7FF000C7D077 /* EBGaramond-SemiBoldItalic.ttf in Resources */,
				403903DA2A0D7FCF00C7D077 /* Pretendard-Thin.ttf in Resources */,
				403903E12A0D7FE600C7D077 /* EBGaramond-MediumItalic.ttf in Resources */,
				403903DB2A0D7FD200C7D077 /* EBGaramond-Bold.ttf in Resources */,
				403903E22A0D7FE900C7D077 /* EBGaramond-Regular.ttf in Resources */,
				403903D22A0D7FB500C7D077 /* Pretendard-Black.ttf in Resources */,
				403903D62A0D7FC200C7D077 /* Pretendard-Light.ttf in Resources */,
				403903DE2A0D7FDC00C7D077 /* EBGaramond-ExtraBoldItalic.ttf in Resources */,
			);
			runOnlyForDeploymentPostprocessing = 0;
		};
		40D7ED482A090F5700BFB428 /* Resources */ = {
			isa = PBXResourcesBuildPhase;
			buildActionMask = 2147483647;
			files = (
			);
			runOnlyForDeploymentPostprocessing = 0;
		};
		40D7ED522A090F5700BFB428 /* Resources */ = {
			isa = PBXResourcesBuildPhase;
			buildActionMask = 2147483647;
			files = (
			);
			runOnlyForDeploymentPostprocessing = 0;
		};
/* End PBXResourcesBuildPhase section */

/* Begin PBXSourcesBuildPhase section */
		40D7ED312A090F5500BFB428 /* Sources */ = {
			isa = PBXSourcesBuildPhase;
			buildActionMask = 2147483647;
			files = (
				40D7ED392A090F5500BFB428 /* DayRoomApp.swift in Sources */,
				403903C32A0D4C0A00C7D077 /* PasswordView.swift in Sources */,
				403903AC2A0D3C5500C7D077 /* Font+Custom.swift in Sources */,
				40D7ED7B2A0913FD00BFB428 /* DayRoomDiary.swift in Sources */,
				403903CF2A0D74F300C7D077 /* View+DebugFrameInfo.swift in Sources */,
				403903E62A0E017100C7D077 /* onFirstAppear.swift in Sources */,
				403903B02A0D3C6C00C7D077 /* UIColor+DayRoom.swift in Sources */,
				403903BD2A0D4BE800C7D077 /* Feed.swift in Sources */,
				40D7ED722A090FB100BFB428 /* SettingView.swift in Sources */,
				40D7ED792A09103B00BFB428 /* Persistence.swift in Sources */,
				40D7ED452A090F5700BFB428 /* DayRoom.xcdatamodeld in Sources */,
				403903B42A0D490100C7D077 /* Preferences.swift in Sources */,
				403903AE2A0D3C6400C7D077 /* UIColor+hex.swift in Sources */,
				403903BF2A0D4BFD00C7D077 /* FeedView.swift in Sources */,
				403903B92A0D4BCF00C7D077 /* Nickname.swift in Sources */,
				40D7ED702A090FAA00BFB428 /* Root.swift in Sources */,
				403903BB2A0D4BDC00C7D077 /* NicknameView.swift in Sources */,
				403903CA2A0D50F300C7D077 /* RecordGoalView.swift in Sources */,
				403903C82A0D50ED00C7D077 /* RecordGoal.swift in Sources */,
				40D7ED6E2A090FA100BFB428 /* RootView.swift in Sources */,
				403903C12A0D4C0300C7D077 /* Password.swift in Sources */,
			);
			runOnlyForDeploymentPostprocessing = 0;
		};
		40D7ED462A090F5700BFB428 /* Sources */ = {
			isa = PBXSourcesBuildPhase;
			buildActionMask = 2147483647;
			files = (
				40D7ED4F2A090F5700BFB428 /* DayRoomTests.swift in Sources */,
			);
			runOnlyForDeploymentPostprocessing = 0;
		};
		40D7ED502A090F5700BFB428 /* Sources */ = {
			isa = PBXSourcesBuildPhase;
			buildActionMask = 2147483647;
			files = (
				40D7ED5B2A090F5700BFB428 /* DayRoomUITestsLaunchTests.swift in Sources */,
				40D7ED592A090F5700BFB428 /* DayRoomUITests.swift in Sources */,
			);
			runOnlyForDeploymentPostprocessing = 0;
		};
/* End PBXSourcesBuildPhase section */

/* Begin PBXTargetDependency section */
		40D7ED4C2A090F5700BFB428 /* PBXTargetDependency */ = {
			isa = PBXTargetDependency;
			target = 40D7ED342A090F5500BFB428 /* DayRoom */;
			targetProxy = 40D7ED4B2A090F5700BFB428 /* PBXContainerItemProxy */;
		};
		40D7ED562A090F5700BFB428 /* PBXTargetDependency */ = {
			isa = PBXTargetDependency;
			target = 40D7ED342A090F5500BFB428 /* DayRoom */;
			targetProxy = 40D7ED552A090F5700BFB428 /* PBXContainerItemProxy */;
		};
/* End PBXTargetDependency section */

/* Begin XCBuildConfiguration section */
		40D7ED5C2A090F5700BFB428 /* Debug */ = {
			isa = XCBuildConfiguration;
			buildSettings = {
				ALWAYS_SEARCH_USER_PATHS = NO;
				CLANG_ANALYZER_NONNULL = YES;
				CLANG_ANALYZER_NUMBER_OBJECT_CONVERSION = YES_AGGRESSIVE;
				CLANG_CXX_LANGUAGE_STANDARD = "gnu++20";
				CLANG_ENABLE_MODULES = YES;
				CLANG_ENABLE_OBJC_ARC = YES;
				CLANG_ENABLE_OBJC_WEAK = YES;
				CLANG_WARN_BLOCK_CAPTURE_AUTORELEASING = YES;
				CLANG_WARN_BOOL_CONVERSION = YES;
				CLANG_WARN_COMMA = YES;
				CLANG_WARN_CONSTANT_CONVERSION = YES;
				CLANG_WARN_DEPRECATED_OBJC_IMPLEMENTATIONS = YES;
				CLANG_WARN_DIRECT_OBJC_ISA_USAGE = YES_ERROR;
				CLANG_WARN_DOCUMENTATION_COMMENTS = YES;
				CLANG_WARN_EMPTY_BODY = YES;
				CLANG_WARN_ENUM_CONVERSION = YES;
				CLANG_WARN_INFINITE_RECURSION = YES;
				CLANG_WARN_INT_CONVERSION = YES;
				CLANG_WARN_NON_LITERAL_NULL_CONVERSION = YES;
				CLANG_WARN_OBJC_IMPLICIT_RETAIN_SELF = YES;
				CLANG_WARN_OBJC_LITERAL_CONVERSION = YES;
				CLANG_WARN_OBJC_ROOT_CLASS = YES_ERROR;
				CLANG_WARN_QUOTED_INCLUDE_IN_FRAMEWORK_HEADER = YES;
				CLANG_WARN_RANGE_LOOP_ANALYSIS = YES;
				CLANG_WARN_STRICT_PROTOTYPES = YES;
				CLANG_WARN_SUSPICIOUS_MOVE = YES;
				CLANG_WARN_UNGUARDED_AVAILABILITY = YES_AGGRESSIVE;
				CLANG_WARN_UNREACHABLE_CODE = YES;
				CLANG_WARN__DUPLICATE_METHOD_MATCH = YES;
				COPY_PHASE_STRIP = NO;
				DEBUG_INFORMATION_FORMAT = dwarf;
				ENABLE_STRICT_OBJC_MSGSEND = YES;
				ENABLE_TESTABILITY = YES;
				GCC_C_LANGUAGE_STANDARD = gnu11;
				GCC_DYNAMIC_NO_PIC = NO;
				GCC_NO_COMMON_BLOCKS = YES;
				GCC_OPTIMIZATION_LEVEL = 0;
				GCC_PREPROCESSOR_DEFINITIONS = (
					"DEBUG=1",
					"$(inherited)",
				);
				GCC_WARN_64_TO_32_BIT_CONVERSION = YES;
				GCC_WARN_ABOUT_RETURN_TYPE = YES_ERROR;
				GCC_WARN_UNDECLARED_SELECTOR = YES;
				GCC_WARN_UNINITIALIZED_AUTOS = YES_AGGRESSIVE;
				GCC_WARN_UNUSED_FUNCTION = YES;
				GCC_WARN_UNUSED_VARIABLE = YES;
				IPHONEOS_DEPLOYMENT_TARGET = 16.4;
				MTL_ENABLE_DEBUG_INFO = INCLUDE_SOURCE;
				MTL_FAST_MATH = YES;
				ONLY_ACTIVE_ARCH = YES;
				SDKROOT = iphoneos;
				SWIFT_ACTIVE_COMPILATION_CONDITIONS = DEBUG;
				SWIFT_OPTIMIZATION_LEVEL = "-Onone";
			};
			name = Debug;
		};
		40D7ED5D2A090F5700BFB428 /* Release */ = {
			isa = XCBuildConfiguration;
			buildSettings = {
				ALWAYS_SEARCH_USER_PATHS = NO;
				CLANG_ANALYZER_NONNULL = YES;
				CLANG_ANALYZER_NUMBER_OBJECT_CONVERSION = YES_AGGRESSIVE;
				CLANG_CXX_LANGUAGE_STANDARD = "gnu++20";
				CLANG_ENABLE_MODULES = YES;
				CLANG_ENABLE_OBJC_ARC = YES;
				CLANG_ENABLE_OBJC_WEAK = YES;
				CLANG_WARN_BLOCK_CAPTURE_AUTORELEASING = YES;
				CLANG_WARN_BOOL_CONVERSION = YES;
				CLANG_WARN_COMMA = YES;
				CLANG_WARN_CONSTANT_CONVERSION = YES;
				CLANG_WARN_DEPRECATED_OBJC_IMPLEMENTATIONS = YES;
				CLANG_WARN_DIRECT_OBJC_ISA_USAGE = YES_ERROR;
				CLANG_WARN_DOCUMENTATION_COMMENTS = YES;
				CLANG_WARN_EMPTY_BODY = YES;
				CLANG_WARN_ENUM_CONVERSION = YES;
				CLANG_WARN_INFINITE_RECURSION = YES;
				CLANG_WARN_INT_CONVERSION = YES;
				CLANG_WARN_NON_LITERAL_NULL_CONVERSION = YES;
				CLANG_WARN_OBJC_IMPLICIT_RETAIN_SELF = YES;
				CLANG_WARN_OBJC_LITERAL_CONVERSION = YES;
				CLANG_WARN_OBJC_ROOT_CLASS = YES_ERROR;
				CLANG_WARN_QUOTED_INCLUDE_IN_FRAMEWORK_HEADER = YES;
				CLANG_WARN_RANGE_LOOP_ANALYSIS = YES;
				CLANG_WARN_STRICT_PROTOTYPES = YES;
				CLANG_WARN_SUSPICIOUS_MOVE = YES;
				CLANG_WARN_UNGUARDED_AVAILABILITY = YES_AGGRESSIVE;
				CLANG_WARN_UNREACHABLE_CODE = YES;
				CLANG_WARN__DUPLICATE_METHOD_MATCH = YES;
				COPY_PHASE_STRIP = NO;
				DEBUG_INFORMATION_FORMAT = "dwarf-with-dsym";
				ENABLE_NS_ASSERTIONS = NO;
				ENABLE_STRICT_OBJC_MSGSEND = YES;
				GCC_C_LANGUAGE_STANDARD = gnu11;
				GCC_NO_COMMON_BLOCKS = YES;
				GCC_WARN_64_TO_32_BIT_CONVERSION = YES;
				GCC_WARN_ABOUT_RETURN_TYPE = YES_ERROR;
				GCC_WARN_UNDECLARED_SELECTOR = YES;
				GCC_WARN_UNINITIALIZED_AUTOS = YES_AGGRESSIVE;
				GCC_WARN_UNUSED_FUNCTION = YES;
				GCC_WARN_UNUSED_VARIABLE = YES;
				IPHONEOS_DEPLOYMENT_TARGET = 16.4;
				MTL_ENABLE_DEBUG_INFO = NO;
				MTL_FAST_MATH = YES;
				SDKROOT = iphoneos;
				SWIFT_COMPILATION_MODE = wholemodule;
				SWIFT_OPTIMIZATION_LEVEL = "-O";
				VALIDATE_PRODUCT = YES;
			};
			name = Release;
		};
		40D7ED5F2A090F5700BFB428 /* Debug */ = {
			isa = XCBuildConfiguration;
			buildSettings = {
				ASSETCATALOG_COMPILER_APPICON_NAME = AppIcon;
				ASSETCATALOG_COMPILER_GLOBAL_ACCENT_COLOR_NAME = AccentColor;
				CODE_SIGN_STYLE = Automatic;
				CURRENT_PROJECT_VERSION = 1;
				DEVELOPMENT_ASSET_PATHS = "\"DayRoom/Resources/Preview Content\"";
				DEVELOPMENT_TEAM = 85329TR25G;
				ENABLE_PREVIEWS = YES;
				GENERATE_INFOPLIST_FILE = YES;
				INFOPLIST_FILE = DayRoom/Info.plist;
				INFOPLIST_KEY_UIApplicationSceneManifest_Generation = YES;
				INFOPLIST_KEY_UIApplicationSupportsIndirectInputEvents = YES;
				INFOPLIST_KEY_UILaunchScreen_Generation = YES;
				INFOPLIST_KEY_UISupportedInterfaceOrientations_iPad = "UIInterfaceOrientationPortrait UIInterfaceOrientationPortraitUpsideDown UIInterfaceOrientationLandscapeLeft UIInterfaceOrientationLandscapeRight";
				INFOPLIST_KEY_UISupportedInterfaceOrientations_iPhone = "UIInterfaceOrientationPortrait UIInterfaceOrientationLandscapeLeft UIInterfaceOrientationLandscapeRight";
				LD_RUNPATH_SEARCH_PATHS = (
					"$(inherited)",
					"@executable_path/Frameworks",
				);
				MARKETING_VERSION = 1.0;
				PRODUCT_BUNDLE_IDENTIFIER = com.havi.DayRoom;
				PRODUCT_NAME = "$(TARGET_NAME)";
				SWIFT_EMIT_LOC_STRINGS = YES;
				SWIFT_VERSION = 5.0;
				TARGETED_DEVICE_FAMILY = "1,2";
			};
			name = Debug;
		};
		40D7ED602A090F5700BFB428 /* Release */ = {
			isa = XCBuildConfiguration;
			buildSettings = {
				ASSETCATALOG_COMPILER_APPICON_NAME = AppIcon;
				ASSETCATALOG_COMPILER_GLOBAL_ACCENT_COLOR_NAME = AccentColor;
				CODE_SIGN_STYLE = Automatic;
				CURRENT_PROJECT_VERSION = 1;
				DEVELOPMENT_ASSET_PATHS = "\"DayRoom/Resources/Preview Content\"";
				DEVELOPMENT_TEAM = 85329TR25G;
				ENABLE_PREVIEWS = YES;
				GENERATE_INFOPLIST_FILE = YES;
				INFOPLIST_FILE = DayRoom/Info.plist;
				INFOPLIST_KEY_UIApplicationSceneManifest_Generation = YES;
				INFOPLIST_KEY_UIApplicationSupportsIndirectInputEvents = YES;
				INFOPLIST_KEY_UILaunchScreen_Generation = YES;
				INFOPLIST_KEY_UISupportedInterfaceOrientations_iPad = "UIInterfaceOrientationPortrait UIInterfaceOrientationPortraitUpsideDown UIInterfaceOrientationLandscapeLeft UIInterfaceOrientationLandscapeRight";
				INFOPLIST_KEY_UISupportedInterfaceOrientations_iPhone = "UIInterfaceOrientationPortrait UIInterfaceOrientationLandscapeLeft UIInterfaceOrientationLandscapeRight";
				LD_RUNPATH_SEARCH_PATHS = (
					"$(inherited)",
					"@executable_path/Frameworks",
				);
				MARKETING_VERSION = 1.0;
				PRODUCT_BUNDLE_IDENTIFIER = com.havi.DayRoom;
				PRODUCT_NAME = "$(TARGET_NAME)";
				SWIFT_EMIT_LOC_STRINGS = YES;
				SWIFT_VERSION = 5.0;
				TARGETED_DEVICE_FAMILY = "1,2";
			};
			name = Release;
		};
		40D7ED622A090F5700BFB428 /* Debug */ = {
			isa = XCBuildConfiguration;
			buildSettings = {
				ALWAYS_EMBED_SWIFT_STANDARD_LIBRARIES = YES;
				BUNDLE_LOADER = "$(TEST_HOST)";
				CODE_SIGN_STYLE = Automatic;
				CURRENT_PROJECT_VERSION = 1;
				DEVELOPMENT_TEAM = 85329TR25G;
				GENERATE_INFOPLIST_FILE = YES;
				IPHONEOS_DEPLOYMENT_TARGET = 16.4;
				MARKETING_VERSION = 1.0;
				PRODUCT_BUNDLE_IDENTIFIER = com.havi.DayRoomTests;
				PRODUCT_NAME = "$(TARGET_NAME)";
				SWIFT_EMIT_LOC_STRINGS = NO;
				SWIFT_VERSION = 5.0;
				TARGETED_DEVICE_FAMILY = "1,2";
				TEST_HOST = "$(BUILT_PRODUCTS_DIR)/DayRoom.app/$(BUNDLE_EXECUTABLE_FOLDER_PATH)/DayRoom";
			};
			name = Debug;
		};
		40D7ED632A090F5700BFB428 /* Release */ = {
			isa = XCBuildConfiguration;
			buildSettings = {
				ALWAYS_EMBED_SWIFT_STANDARD_LIBRARIES = YES;
				BUNDLE_LOADER = "$(TEST_HOST)";
				CODE_SIGN_STYLE = Automatic;
				CURRENT_PROJECT_VERSION = 1;
				DEVELOPMENT_TEAM = 85329TR25G;
				GENERATE_INFOPLIST_FILE = YES;
				IPHONEOS_DEPLOYMENT_TARGET = 16.4;
				MARKETING_VERSION = 1.0;
				PRODUCT_BUNDLE_IDENTIFIER = com.havi.DayRoomTests;
				PRODUCT_NAME = "$(TARGET_NAME)";
				SWIFT_EMIT_LOC_STRINGS = NO;
				SWIFT_VERSION = 5.0;
				TARGETED_DEVICE_FAMILY = "1,2";
				TEST_HOST = "$(BUILT_PRODUCTS_DIR)/DayRoom.app/$(BUNDLE_EXECUTABLE_FOLDER_PATH)/DayRoom";
			};
			name = Release;
		};
		40D7ED652A090F5700BFB428 /* Debug */ = {
			isa = XCBuildConfiguration;
			buildSettings = {
				ALWAYS_EMBED_SWIFT_STANDARD_LIBRARIES = YES;
				CODE_SIGN_STYLE = Automatic;
				CURRENT_PROJECT_VERSION = 1;
				DEVELOPMENT_TEAM = 85329TR25G;
				GENERATE_INFOPLIST_FILE = YES;
				MARKETING_VERSION = 1.0;
				PRODUCT_BUNDLE_IDENTIFIER = com.havi.DayRoomUITests;
				PRODUCT_NAME = "$(TARGET_NAME)";
				SWIFT_EMIT_LOC_STRINGS = NO;
				SWIFT_VERSION = 5.0;
				TARGETED_DEVICE_FAMILY = "1,2";
				TEST_TARGET_NAME = DayRoom;
			};
			name = Debug;
		};
		40D7ED662A090F5700BFB428 /* Release */ = {
			isa = XCBuildConfiguration;
			buildSettings = {
				ALWAYS_EMBED_SWIFT_STANDARD_LIBRARIES = YES;
				CODE_SIGN_STYLE = Automatic;
				CURRENT_PROJECT_VERSION = 1;
				DEVELOPMENT_TEAM = 85329TR25G;
				GENERATE_INFOPLIST_FILE = YES;
				MARKETING_VERSION = 1.0;
				PRODUCT_BUNDLE_IDENTIFIER = com.havi.DayRoomUITests;
				PRODUCT_NAME = "$(TARGET_NAME)";
				SWIFT_EMIT_LOC_STRINGS = NO;
				SWIFT_VERSION = 5.0;
				TARGETED_DEVICE_FAMILY = "1,2";
				TEST_TARGET_NAME = DayRoom;
			};
			name = Release;
		};
/* End XCBuildConfiguration section */

/* Begin XCConfigurationList section */
		40D7ED302A090F5500BFB428 /* Build configuration list for PBXProject "DayRoom" */ = {
			isa = XCConfigurationList;
			buildConfigurations = (
				40D7ED5C2A090F5700BFB428 /* Debug */,
				40D7ED5D2A090F5700BFB428 /* Release */,
			);
			defaultConfigurationIsVisible = 0;
			defaultConfigurationName = Release;
		};
		40D7ED5E2A090F5700BFB428 /* Build configuration list for PBXNativeTarget "DayRoom" */ = {
			isa = XCConfigurationList;
			buildConfigurations = (
				40D7ED5F2A090F5700BFB428 /* Debug */,
				40D7ED602A090F5700BFB428 /* Release */,
			);
			defaultConfigurationIsVisible = 0;
			defaultConfigurationName = Release;
		};
		40D7ED612A090F5700BFB428 /* Build configuration list for PBXNativeTarget "DayRoomTests" */ = {
			isa = XCConfigurationList;
			buildConfigurations = (
				40D7ED622A090F5700BFB428 /* Debug */,
				40D7ED632A090F5700BFB428 /* Release */,
			);
			defaultConfigurationIsVisible = 0;
			defaultConfigurationName = Release;
		};
		40D7ED642A090F5700BFB428 /* Build configuration list for PBXNativeTarget "DayRoomUITests" */ = {
			isa = XCConfigurationList;
			buildConfigurations = (
				40D7ED652A090F5700BFB428 /* Debug */,
				40D7ED662A090F5700BFB428 /* Release */,
			);
			defaultConfigurationIsVisible = 0;
			defaultConfigurationName = Release;
		};
/* End XCConfigurationList section */

/* Begin XCRemoteSwiftPackageReference section */
		40D7ED732A09101200BFB428 /* XCRemoteSwiftPackageReference "swift-composable-architecture" */ = {
			isa = XCRemoteSwiftPackageReference;
			repositoryURL = "https://github.com/pointfreeco/swift-composable-architecture";
			requirement = {
				branch = prerelease/1.0;
				kind = branch;
			};
		};
/* End XCRemoteSwiftPackageReference section */

/* Begin XCSwiftPackageProductDependency section */
		40D7ED742A09101200BFB428 /* ComposableArchitecture */ = {
			isa = XCSwiftPackageProductDependency;
			package = 40D7ED732A09101200BFB428 /* XCRemoteSwiftPackageReference "swift-composable-architecture" */;
			productName = ComposableArchitecture;
		};
/* End XCSwiftPackageProductDependency section */

/* Begin XCVersionGroup section */
		40D7ED432A090F5700BFB428 /* DayRoom.xcdatamodeld */ = {
			isa = XCVersionGroup;
			children = (
				40D7ED442A090F5700BFB428 /* DayRoom.xcdatamodel */,
			);
			currentVersion = 40D7ED442A090F5700BFB428 /* DayRoom.xcdatamodel */;
			path = DayRoom.xcdatamodeld;
			sourceTree = "<group>";
			versionGroupType = wrapper.xcdatamodel;
		};
/* End XCVersionGroup section */
	};
	rootObject = 40D7ED2D2A090F5500BFB428 /* Project object */;
}
